Microsoft Visual Studio Solution File, Format Version 11.00
# Visual Studio 2008

Project("{57144076-22AE-503F-D803-87CE9D0F83AB}") = "ProjectDootMatrix", "Assembly-CSharp-firstpass.csproj", "{E8978A76-8B1E-22E4-F944-AED68F82B786}"
EndProject
Project("{57144076-22AE-503F-D803-87CE9D0F83AB}") = "ProjectDootMatrix", "Assembly-CSharp.csproj", "{7E9CE563-E42E-AB4E-74D1-D4DE0AEDB66F}"
EndProject
Project("{57144076-22AE-503F-D803-87CE9D0F83AB}") = "ProjectDootMatrix", "Assembly-CSharp-Editor.csproj", "{9C73AD31-18A9-9148-9568-400A01E1F010}"
EndProject
Project("{57144076-22AE-503F-D803-87CE9D0F83AB}") = "ProjectDootMatrix", "Assembly-UnityScript-firstpass.unityproj", "{EF89536C-BB89-5B63-7193-725DFD076F95}"
EndProject
Project("{57144076-22AE-503F-D803-87CE9D0F83AB}") = "ProjectDootMatrix", "Assembly-UnityScript.unityproj", "{67893D8D-EDA8-D6EA-7272-E42CFC521F5A}"
EndProject
Project("{57144076-22AE-503F-D803-87CE9D0F83AB}") = "ProjectDootMatrix", "Assembly-UnityScript-Editor.unityproj", "{370AEAA6-DACE-EAC8-78E2-714B40270EF8}"
EndProject
Global
	GlobalSection(SolutionConfigurationPlatforms) = preSolution
		Debug|Any CPU = Debug|Any CPU
		Release|Any CPU = Release|Any CPU
	EndGlobalSection
	GlobalSection(ProjectConfigurationPlatforms) = postSolution
		{E8978A76-8B1E-22E4-F944-AED68F82B786}.Debug|Any CPU.ActiveCfg = Debug|Any CPU
		{E8978A76-8B1E-22E4-F944-AED68F82B786}.Debug|Any CPU.Build.0 = Debug|Any CPU
		{E8978A76-8B1E-22E4-F944-AED68F82B786}.Release|Any CPU.ActiveCfg = Release|Any CPU
		{E8978A76-8B1E-22E4-F944-AED68F82B786}.Release|Any CPU.Build.0 = Release|Any CPU
		{7E9CE563-E42E-AB4E-74D1-D4DE0AEDB66F}.Debug|Any CPU.ActiveCfg = Debug|Any CPU
		{7E9CE563-E42E-AB4E-74D1-D4DE0AEDB66F}.Debug|Any CPU.Build.0 = Debug|Any CPU
		{7E9CE563-E42E-AB4E-74D1-D4DE0AEDB66F}.Release|Any CPU.ActiveCfg = Release|Any CPU
		{7E9CE563-E42E-AB4E-74D1-D4DE0AEDB66F}.Release|Any CPU.Build.0 = Release|Any CPU
		{9C73AD31-18A9-9148-9568-400A01E1F010}.Debug|Any CPU.ActiveCfg = Debug|Any CPU
		{9C73AD31-18A9-9148-9568-400A01E1F010}.Debug|Any CPU.Build.0 = Debug|Any CPU
		{9C73AD31-18A9-9148-9568-400A01E1F010}.Release|Any CPU.ActiveCfg = Release|Any CPU
		{9C73AD31-18A9-9148-9568-400A01E1F010}.Release|Any CPU.Build.0 = Release|Any CPU
		{EF89536C-BB89-5B63-7193-725DFD076F95}.Debug|Any CPU.ActiveCfg = Debug|Any CPU
		{EF89536C-BB89-5B63-7193-725DFD076F95}.Debug|Any CPU.Build.0 = Debug|Any CPU
		{EF89536C-BB89-5B63-7193-725DFD076F95}.Release|Any CPU.ActiveCfg = Release|Any CPU
		{EF89536C-BB89-5B63-7193-725DFD076F95}.Release|Any CPU.Build.0 = Release|Any CPU
		{67893D8D-EDA8-D6EA-7272-E42CFC521F5A}.Debug|Any CPU.ActiveCfg = Debug|Any CPU
		{67893D8D-EDA8-D6EA-7272-E42CFC521F5A}.Debug|Any CPU.Build.0 = Debug|Any CPU
		{67893D8D-EDA8-D6EA-7272-E42CFC521F5A}.Release|Any CPU.ActiveCfg = Release|Any CPU
		{67893D8D-EDA8-D6EA-7272-E42CFC521F5A}.Release|Any CPU.Build.0 = Release|Any CPU
		{370AEAA6-DACE-EAC8-78E2-714B40270EF8}.Debug|Any CPU.ActiveCfg = Debug|Any CPU
		{370AEAA6-DACE-EAC8-78E2-714B40270EF8}.Debug|Any CPU.Build.0 = Debug|Any CPU
		{370AEAA6-DACE-EAC8-78E2-714B40270EF8}.Release|Any CPU.ActiveCfg = Release|Any CPU
		{370AEAA6-DACE-EAC8-78E2-714B40270EF8}.Release|Any CPU.Build.0 = Release|Any CPU
	EndGlobalSection
	GlobalSection(SolutionProperties) = preSolution
		HideSolutionNode = FALSE
	EndGlobalSection
											GlobalSection(MonoDevelopProperties) = preSolution
		StartupItem = Assembly-CSharp.csproj
		Policies = $0
		$0.TextStylePolicy = $1
		$1.inheritsSet = null
		$1.scope = text/x-csharp
		$0.CSharpFormattingPolicy = $2
		$2.inheritsSet = Mono
		$2.inheritsScope = text/x-csharp
		$2.scope = text/x-csharp
		$0.TextStylePolicy = $3
		$3.FileWidth = 120
		$3.TabWidth = 4
		$3.EolMarker = Unix
		$3.inheritsSet = Mono
		$3.inheritsScope = text/plain
		$3.scope = text/plain
	EndGlobalSection

EndGlobal
